
Microsoft Visual Studio Solution File, Format Version 11.00
# Visual Studio 2010
Project("{FAE04EC0-301F-11D3-BF4B-00C04F79EFBC}") = "Serializer", "Serializer\Serializer.csproj", "{874F8298-F084-4C3F-BF78-26E23B23D33D}"
EndProject
Project("{FAE04EC0-301F-11D3-BF4B-00C04F79EFBC}") = "Serializer.Tests", "Serializer.Tests\Serializer.Tests.csproj", "{568795E8-8A37-4908-A870-5099B9765FCC}"
EndProject
Global
	GlobalSection(SolutionConfigurationPlatforms) = preSolution
		Debug|x86 = Debug|x86
		Release|x86 = Release|x86
	EndGlobalSection
	GlobalSection(ProjectConfigurationPlatforms) = postSolution
		{874F8298-F084-4C3F-BF78-26E23B23D33D}.Debug|x86.ActiveCfg = Debug|x86
		{874F8298-F084-4C3F-BF78-26E23B23D33D}.Debug|x86.Build.0 = Debug|x86
		{874F8298-F084-4C3F-BF78-26E23B23D33D}.Release|x86.ActiveCfg = Release|x86
		{874F8298-F084-4C3F-BF78-26E23B23D33D}.Release|x86.Build.0 = Release|x86
		{568795E8-8A37-4908-A870-5099B9765FCC}.Debug|x86.ActiveCfg = Debug|x86
		{568795E8-8A37-4908-A870-5099B9765FCC}.Debug|x86.Build.0 = Debug|x86
		{568795E8-8A37-4908-A870-5099B9765FCC}.Release|x86.ActiveCfg = Release|x86
		{568795E8-8A37-4908-A870-5099B9765FCC}.Release|x86.Build.0 = Release|x86
	EndGlobalSection
	GlobalSection(SolutionProperties) = preSolution
		HideSolutionNode = FALSE
	EndGlobalSection
EndGlobal
