
Microsoft Visual Studio Solution File, Format Version 12.00
# Visual Studio 2012
Project("{FAE04EC0-301F-11D3-BF4B-00C04F79EFBC}") = "Base36", "Base36.csproj", "{FE505BC8-01C9-423B-9259-C61662A35155}"
EndProject
Global
	GlobalSection(SolutionConfigurationPlatforms) = preSolution
		Debug|Any CPU = Debug|Any CPU
		Release|Any CPU = Release|Any CPU
	EndGlobalSection
	GlobalSection(ProjectConfigurationPlatforms) = postSolution
		{FE505BC8-01C9-423B-9259-C61662A35155}.Debug|Any CPU.ActiveCfg = Debug|Any CPU
		{FE505BC8-01C9-423B-9259-C61662A35155}.Debug|Any CPU.Build.0 = Debug|Any CPU
		{FE505BC8-01C9-423B-9259-C61662A35155}.Release|Any CPU.ActiveCfg = Release|Any CPU
		{FE505BC8-01C9-423B-9259-C61662A35155}.Release|Any CPU.Build.0 = Release|Any CPU
	EndGlobalSection
	GlobalSection(SolutionProperties) = preSolution
		HideSolutionNode = FALSE
	EndGlobalSection
EndGlobal
