
Microsoft Visual Studio Solution File, Format Version 12.00
# Visual Studio 2013
VisualStudioVersion = 12.0.31101.0
MinimumVisualStudioVersion = 10.0.40219.1
Project("{FAE04EC0-301F-11D3-BF4B-00C04F79EFBC}") = "TaskMonitor.DataImport", "TaskMonitor.DataImport\TaskMonitor.DataImport.csproj", "{542BD2DC-6307-4F83-81DF-E6C376A136D6}"
EndProject
Project("{FAE04EC0-301F-11D3-BF4B-00C04F79EFBC}") = "TaskMonitor.DataAccess", "TaskMonitor.DataAccess\TaskMonitor.DataAccess.csproj", "{2F979E93-A1B9-4B37-B34E-FA4766651412}"
EndProject
Project("{FAE04EC0-301F-11D3-BF4B-00C04F79EFBC}") = "TaskMonitor.WebApp", "TaskMonitor.WebApp\TaskMonitor.WebApp.csproj", "{1CAD74CA-EC47-4F75-94A8-0ACE55C701FC}"
EndProject
Global
	GlobalSection(SubversionScc) = preSolution
		Svn-Managed = True
		Manager = AnkhSVN - Subversion Support for Visual Studio
	EndGlobalSection
	GlobalSection(SolutionConfigurationPlatforms) = preSolution
		Debug|Any CPU = Debug|Any CPU
		Release|Any CPU = Release|Any CPU
	EndGlobalSection
	GlobalSection(ProjectConfigurationPlatforms) = postSolution
		{542BD2DC-6307-4F83-81DF-E6C376A136D6}.Debug|Any CPU.ActiveCfg = Debug|Any CPU
		{542BD2DC-6307-4F83-81DF-E6C376A136D6}.Debug|Any CPU.Build.0 = Debug|Any CPU
		{542BD2DC-6307-4F83-81DF-E6C376A136D6}.Release|Any CPU.ActiveCfg = Release|Any CPU
		{542BD2DC-6307-4F83-81DF-E6C376A136D6}.Release|Any CPU.Build.0 = Release|Any CPU
		{2F979E93-A1B9-4B37-B34E-FA4766651412}.Debug|Any CPU.ActiveCfg = Debug|Any CPU
		{2F979E93-A1B9-4B37-B34E-FA4766651412}.Debug|Any CPU.Build.0 = Debug|Any CPU
		{2F979E93-A1B9-4B37-B34E-FA4766651412}.Release|Any CPU.ActiveCfg = Release|Any CPU
		{2F979E93-A1B9-4B37-B34E-FA4766651412}.Release|Any CPU.Build.0 = Release|Any CPU
		{1CAD74CA-EC47-4F75-94A8-0ACE55C701FC}.Debug|Any CPU.ActiveCfg = Debug|Any CPU
		{1CAD74CA-EC47-4F75-94A8-0ACE55C701FC}.Debug|Any CPU.Build.0 = Debug|Any CPU
		{1CAD74CA-EC47-4F75-94A8-0ACE55C701FC}.Release|Any CPU.ActiveCfg = Release|Any CPU
		{1CAD74CA-EC47-4F75-94A8-0ACE55C701FC}.Release|Any CPU.Build.0 = Release|Any CPU
	EndGlobalSection
	GlobalSection(SolutionProperties) = preSolution
		HideSolutionNode = FALSE
	EndGlobalSection
EndGlobal
