
Microsoft Visual Studio Solution File, Format Version 11.00
# Visual Studio 2010
Project("{FAE04EC0-301F-11D3-BF4B-00C04F79EFBC}") = "ConsoleApplication", "ConsoleApplication\ConsoleApplication.csproj", "{CCEADAFE-50D1-4575-847F-E233DE34E7AB}"
EndProject
Project("{FAE04EC0-301F-11D3-BF4B-00C04F79EFBC}") = "Tests", "Tests\Tests.csproj", "{EF529035-F712-4900-8F67-EAA8E3A24C0F}"
	ProjectSection(ProjectDependencies) = postProject
		{4F7FAF6A-A444-4125-962E-73EB0EBD461B} = {4F7FAF6A-A444-4125-962E-73EB0EBD461B}
	EndProjectSection
EndProject
Project("{FAE04EC0-301F-11D3-BF4B-00C04F79EFBC}") = "Shared", "Shared\Shared.csproj", "{45854567-E62F-4EAE-B7FE-10109781AA1F}"
EndProject
Project("{FAE04EC0-301F-11D3-BF4B-00C04F79EFBC}") = "Entities", "Entities\Entities.csproj", "{343926A8-4BC1-4E15-906F-BF50F52CD411}"
EndProject
Project("{FAE04EC0-301F-11D3-BF4B-00C04F79EFBC}") = "Utils", "Utils\Utils.csproj", "{4F7FAF6A-A444-4125-962E-73EB0EBD461B}"
EndProject
Global
	GlobalSection(SubversionScc) = preSolution
		Svn-Managed = True
		Manager = AnkhSVN - Subversion Support for Visual Studio
	EndGlobalSection
	GlobalSection(SolutionConfigurationPlatforms) = preSolution
		Debug|Any CPU = Debug|Any CPU
		Debug|Mixed Platforms = Debug|Mixed Platforms
		Debug|x86 = Debug|x86
		Release|Any CPU = Release|Any CPU
		Release|Mixed Platforms = Release|Mixed Platforms
		Release|x86 = Release|x86
	EndGlobalSection
	GlobalSection(ProjectConfigurationPlatforms) = postSolution
		{CCEADAFE-50D1-4575-847F-E233DE34E7AB}.Debug|Any CPU.ActiveCfg = Debug|x86
		{CCEADAFE-50D1-4575-847F-E233DE34E7AB}.Debug|Mixed Platforms.ActiveCfg = Debug|x86
		{CCEADAFE-50D1-4575-847F-E233DE34E7AB}.Debug|Mixed Platforms.Build.0 = Debug|x86
		{CCEADAFE-50D1-4575-847F-E233DE34E7AB}.Debug|x86.ActiveCfg = Debug|x86
		{CCEADAFE-50D1-4575-847F-E233DE34E7AB}.Debug|x86.Build.0 = Debug|x86
		{CCEADAFE-50D1-4575-847F-E233DE34E7AB}.Release|Any CPU.ActiveCfg = Release|x86
		{CCEADAFE-50D1-4575-847F-E233DE34E7AB}.Release|Mixed Platforms.ActiveCfg = Release|x86
		{CCEADAFE-50D1-4575-847F-E233DE34E7AB}.Release|Mixed Platforms.Build.0 = Release|x86
		{CCEADAFE-50D1-4575-847F-E233DE34E7AB}.Release|x86.ActiveCfg = Release|x86
		{CCEADAFE-50D1-4575-847F-E233DE34E7AB}.Release|x86.Build.0 = Release|x86
		{EF529035-F712-4900-8F67-EAA8E3A24C0F}.Debug|Any CPU.ActiveCfg = Debug|x86
		{EF529035-F712-4900-8F67-EAA8E3A24C0F}.Debug|Mixed Platforms.ActiveCfg = Debug|x86
		{EF529035-F712-4900-8F67-EAA8E3A24C0F}.Debug|Mixed Platforms.Build.0 = Debug|x86
		{EF529035-F712-4900-8F67-EAA8E3A24C0F}.Debug|x86.ActiveCfg = Debug|x86
		{EF529035-F712-4900-8F67-EAA8E3A24C0F}.Debug|x86.Build.0 = Debug|x86
		{EF529035-F712-4900-8F67-EAA8E3A24C0F}.Release|Any CPU.ActiveCfg = Release|x86
		{EF529035-F712-4900-8F67-EAA8E3A24C0F}.Release|Mixed Platforms.ActiveCfg = Release|x86
		{EF529035-F712-4900-8F67-EAA8E3A24C0F}.Release|Mixed Platforms.Build.0 = Release|x86
		{EF529035-F712-4900-8F67-EAA8E3A24C0F}.Release|x86.ActiveCfg = Release|x86
		{EF529035-F712-4900-8F67-EAA8E3A24C0F}.Release|x86.Build.0 = Release|x86
		{45854567-E62F-4EAE-B7FE-10109781AA1F}.Debug|Any CPU.ActiveCfg = Debug|Any CPU
		{45854567-E62F-4EAE-B7FE-10109781AA1F}.Debug|Any CPU.Build.0 = Debug|Any CPU
		{45854567-E62F-4EAE-B7FE-10109781AA1F}.Debug|Mixed Platforms.ActiveCfg = Debug|Any CPU
		{45854567-E62F-4EAE-B7FE-10109781AA1F}.Debug|Mixed Platforms.Build.0 = Debug|Any CPU
		{45854567-E62F-4EAE-B7FE-10109781AA1F}.Debug|x86.ActiveCfg = Debug|Any CPU
		{45854567-E62F-4EAE-B7FE-10109781AA1F}.Release|Any CPU.ActiveCfg = Release|Any CPU
		{45854567-E62F-4EAE-B7FE-10109781AA1F}.Release|Any CPU.Build.0 = Release|Any CPU
		{45854567-E62F-4EAE-B7FE-10109781AA1F}.Release|Mixed Platforms.ActiveCfg = Release|Any CPU
		{45854567-E62F-4EAE-B7FE-10109781AA1F}.Release|Mixed Platforms.Build.0 = Release|Any CPU
		{45854567-E62F-4EAE-B7FE-10109781AA1F}.Release|x86.ActiveCfg = Release|Any CPU
		{343926A8-4BC1-4E15-906F-BF50F52CD411}.Debug|Any CPU.ActiveCfg = Debug|Any CPU
		{343926A8-4BC1-4E15-906F-BF50F52CD411}.Debug|Any CPU.Build.0 = Debug|Any CPU
		{343926A8-4BC1-4E15-906F-BF50F52CD411}.Debug|Mixed Platforms.ActiveCfg = Debug|Any CPU
		{343926A8-4BC1-4E15-906F-BF50F52CD411}.Debug|Mixed Platforms.Build.0 = Debug|Any CPU
		{343926A8-4BC1-4E15-906F-BF50F52CD411}.Debug|x86.ActiveCfg = Debug|Any CPU
		{343926A8-4BC1-4E15-906F-BF50F52CD411}.Release|Any CPU.ActiveCfg = Release|Any CPU
		{343926A8-4BC1-4E15-906F-BF50F52CD411}.Release|Any CPU.Build.0 = Release|Any CPU
		{343926A8-4BC1-4E15-906F-BF50F52CD411}.Release|Mixed Platforms.ActiveCfg = Release|Any CPU
		{343926A8-4BC1-4E15-906F-BF50F52CD411}.Release|Mixed Platforms.Build.0 = Release|Any CPU
		{343926A8-4BC1-4E15-906F-BF50F52CD411}.Release|x86.ActiveCfg = Release|Any CPU
		{4F7FAF6A-A444-4125-962E-73EB0EBD461B}.Debug|Any CPU.ActiveCfg = Debug|Any CPU
		{4F7FAF6A-A444-4125-962E-73EB0EBD461B}.Debug|Any CPU.Build.0 = Debug|Any CPU
		{4F7FAF6A-A444-4125-962E-73EB0EBD461B}.Debug|Mixed Platforms.ActiveCfg = Debug|Any CPU
		{4F7FAF6A-A444-4125-962E-73EB0EBD461B}.Debug|Mixed Platforms.Build.0 = Debug|Any CPU
		{4F7FAF6A-A444-4125-962E-73EB0EBD461B}.Debug|x86.ActiveCfg = Debug|Any CPU
		{4F7FAF6A-A444-4125-962E-73EB0EBD461B}.Release|Any CPU.ActiveCfg = Release|Any CPU
		{4F7FAF6A-A444-4125-962E-73EB0EBD461B}.Release|Any CPU.Build.0 = Release|Any CPU
		{4F7FAF6A-A444-4125-962E-73EB0EBD461B}.Release|Mixed Platforms.ActiveCfg = Release|Any CPU
		{4F7FAF6A-A444-4125-962E-73EB0EBD461B}.Release|Mixed Platforms.Build.0 = Release|Any CPU
		{4F7FAF6A-A444-4125-962E-73EB0EBD461B}.Release|x86.ActiveCfg = Release|Any CPU
	EndGlobalSection
	GlobalSection(SolutionProperties) = preSolution
		HideSolutionNode = FALSE
	EndGlobalSection
EndGlobal
