
Microsoft Visual Studio Solution File, Format Version 12.00
# Visual Studio 2012
Project("{E24C65DC-7377-472B-9ABA-BC803B73C61A}") = "Offline-Demo", "Offline-Demo\", "{53258F37-20C2-48BA-9461-DF9A4D5DB0AF}"
	ProjectSection(WebsiteProperties) = preProject
		TargetFrameworkMoniker = ".NETFramework,Version%3Dv4.0"
		Debug.AspNetCompiler.VirtualPath = "/Offline-Demo"
		Debug.AspNetCompiler.PhysicalPath = "Offline-Demo\"
		Debug.AspNetCompiler.TargetPath = "PrecompiledWeb\Offline-Demo\"
		Debug.AspNetCompiler.Updateable = "true"
		Debug.AspNetCompiler.ForceOverwrite = "true"
		Debug.AspNetCompiler.FixedNames = "false"
		Debug.AspNetCompiler.Debug = "True"
		Release.AspNetCompiler.VirtualPath = "/Offline-Demo"
		Release.AspNetCompiler.PhysicalPath = "Offline-Demo\"
		Release.AspNetCompiler.TargetPath = "PrecompiledWeb\Offline-Demo\"
		Release.AspNetCompiler.Updateable = "true"
		Release.AspNetCompiler.ForceOverwrite = "true"
		Release.AspNetCompiler.FixedNames = "false"
		Release.AspNetCompiler.Debug = "False"
		VWDPort = "6846"
	EndProjectSection
EndProject
Global
	GlobalSection(SolutionConfigurationPlatforms) = preSolution
		Debug|Any CPU = Debug|Any CPU
	EndGlobalSection
	GlobalSection(ProjectConfigurationPlatforms) = postSolution
		{53258F37-20C2-48BA-9461-DF9A4D5DB0AF}.Debug|Any CPU.ActiveCfg = Debug|Any CPU
		{53258F37-20C2-48BA-9461-DF9A4D5DB0AF}.Debug|Any CPU.Build.0 = Debug|Any CPU
	EndGlobalSection
	GlobalSection(SolutionProperties) = preSolution
		HideSolutionNode = FALSE
	EndGlobalSection
EndGlobal
