
Microsoft Visual Studio Solution File, Format Version 11.00
# Visual Studio 2010
Project("{FAE04EC0-301F-11D3-BF4B-00C04F79EFBC}") = "ASPPatterns.Chap2.Service", "ASPPatterns.Chap2.Service\ASPPatterns.Chap2.Service.csproj", "{9E2FEE9B-E1C4-4F0F-8E64-28F8F4B97D23}"
EndProject
Global
	GlobalSection(SubversionScc) = preSolution
		Svn-Managed = True
		Manager = AnkhSVN - Subversion Support for Visual Studio
	EndGlobalSection
	GlobalSection(SolutionConfigurationPlatforms) = preSolution
		Debug|Any CPU = Debug|Any CPU
		Release|Any CPU = Release|Any CPU
	EndGlobalSection
	GlobalSection(ProjectConfigurationPlatforms) = postSolution
		{9E2FEE9B-E1C4-4F0F-8E64-28F8F4B97D23}.Debug|Any CPU.ActiveCfg = Debug|Any CPU
		{9E2FEE9B-E1C4-4F0F-8E64-28F8F4B97D23}.Debug|Any CPU.Build.0 = Debug|Any CPU
		{9E2FEE9B-E1C4-4F0F-8E64-28F8F4B97D23}.Release|Any CPU.ActiveCfg = Release|Any CPU
		{9E2FEE9B-E1C4-4F0F-8E64-28F8F4B97D23}.Release|Any CPU.Build.0 = Release|Any CPU
	EndGlobalSection
	GlobalSection(SolutionProperties) = preSolution
		HideSolutionNode = FALSE
	EndGlobalSection
EndGlobal
