
Microsoft Visual Studio Solution File, Format Version 11.00
# Visual Studio 2010
Project("{E24C65DC-7377-472B-9ABA-BC803B73C61A}") = "Delivery Setup", "Delivery Setup\", "{EDCD3EBD-3FB0-4ED6-AAF7-1351BCD7A070}"
	ProjectSection(WebsiteProperties) = preProject
		TargetFrameworkMoniker = ".NETFramework,Version%3Dv4.0"
		Debug.AspNetCompiler.VirtualPath = "/DeliverySetup"
		Debug.AspNetCompiler.PhysicalPath = "Delivery Setup\"
		Debug.AspNetCompiler.TargetPath = "PrecompiledWeb\DeliverySetup\"
		Debug.AspNetCompiler.Updateable = "true"
		Debug.AspNetCompiler.ForceOverwrite = "true"
		Debug.AspNetCompiler.FixedNames = "false"
		Debug.AspNetCompiler.Debug = "True"
		Release.AspNetCompiler.VirtualPath = "/DeliverySetup"
		Release.AspNetCompiler.PhysicalPath = "DeliverySetup\"
		Release.AspNetCompiler.TargetPath = "PrecompiledWeb\DeliverySetup\"
		Release.AspNetCompiler.Updateable = "true"
		Release.AspNetCompiler.ForceOverwrite = "true"
		Release.AspNetCompiler.FixedNames = "false"
		Release.AspNetCompiler.Debug = "False"
		VWDPort = "7619"
	EndProjectSection
EndProject
Global
	GlobalSection(SubversionScc) = preSolution
		Svn-Managed = True
		Manager = AnkhSVN - Subversion Support for Visual Studio
	EndGlobalSection
	GlobalSection(SolutionConfigurationPlatforms) = preSolution
		Debug|Any CPU = Debug|Any CPU
	EndGlobalSection
	GlobalSection(ProjectConfigurationPlatforms) = postSolution
		{EDCD3EBD-3FB0-4ED6-AAF7-1351BCD7A070}.Debug|Any CPU.ActiveCfg = Debug|Any CPU
		{EDCD3EBD-3FB0-4ED6-AAF7-1351BCD7A070}.Debug|Any CPU.Build.0 = Debug|Any CPU
	EndGlobalSection
	GlobalSection(SolutionProperties) = preSolution
		HideSolutionNode = FALSE
	EndGlobalSection
EndGlobal
